lockfileVersion: 5.4

specifiers:
  '@tsconfig/strictest': ^2.0.1
  '@types/node': ^20.4.5
  typescript: ^5.1.6

devDependencies:
  '@tsconfig/strictest': 2.0.1
  '@types/node': 20.4.5
  typescript: 5.1.6

packages:

  /@tsconfig/strictest/2.0.1:
    resolution: {integrity: sha512-7JHHCbyCsGUxLd0pDbp24yz3zjxw2t673W5oAP6HCEdr/UUhaRhYd3SSnUsGCk+VnPVJVA4mXROzbhI+nyIk+w==}
    dev: true

  /@types/node/20.4.5:
    resolution: {integrity: sha512-rt40Nk13II9JwQBdeYqmbn2Q6IVTA5uPhvSO+JVqdXw/6/4glI6oR9ezty/A9Hg5u7JH4OmYmuQ+XvjKm0Datg==}
    dev: true

  /typescript/5.1.6:
    resolution: {integrity: sha512-zaWCozRZ6DLEWAWFrVDz1H6FVXzUSfTy5FUMWsQlU8Ym5JP9eO4xkTIROFCQvhQf61z6O/G6ugw3SgAnvvm+HA==}
    engines: {node: '>=14.17'}
    hasBin: true
    dev: true
